
Microsoft Visual Studio Solution File, Format Version 12.00
# Visual Studio 15
VisualStudioVersion = 15.0.28307.489
MinimumVisualStudioVersion = 10.0.40219.1
Project("{FAE04EC0-301F-11D3-BF4B-00C04F79EFBC}") = "AccountCustomer", "AccountCustomer\AccountCustomer.csproj", "{C1C4BCD1-7EBE-45A3-B986-F5CF2B8F856F}"
EndProject
Global
	GlobalSection(SolutionConfigurationPlatforms) = preSolution
		Debug|Any CPU = Debug|Any CPU
		Release|Any CPU = Release|Any CPU
	EndGlobalSection
	GlobalSection(ProjectConfigurationPlatforms) = postSolution
		{C1C4BCD1-7EBE-45A3-B986-F5CF2B8F856F}.Debug|Any CPU.ActiveCfg = Debug|Any CPU
		{C1C4BCD1-7EBE-45A3-B986-F5CF2B8F856F}.Debug|Any CPU.Build.0 = Debug|Any CPU
		{C1C4BCD1-7EBE-45A3-B986-F5CF2B8F856F}.Release|Any CPU.ActiveCfg = Release|Any CPU
		{C1C4BCD1-7EBE-45A3-B986-F5CF2B8F856F}.Release|Any CPU.Build.0 = Release|Any CPU
	EndGlobalSection
	GlobalSection(SolutionProperties) = preSolution
		HideSolutionNode = FALSE
	EndGlobalSection
	GlobalSection(ExtensibilityGlobals) = postSolution
		SolutionGuid = {AB692E1B-0DB3-4EF2-954C-8D39A4EEA851}
	EndGlobalSection
EndGlobal
